
Microsoft Visual Studio Solution File, Format Version 12.00
# Visual Studio Version 17
VisualStudioVersion = 17.8.34330.188
MinimumVisualStudioVersion = 10.0.40219.1
Project("{FAE04EC0-301F-11D3-BF4B-00C04F79EFBC}") = "BoomBoxPlus", "BoomBoxPlus\BoomBoxPlus.csproj", "{E6D0A89A-9E42-4138-A8B0-5A2A67A85A86}"
EndProject
Global
	GlobalSection(SolutionConfigurationPlatforms) = preSolution
		Debug|Any CPU = Debug|Any CPU
		Release|Any CPU = Release|Any CPU
	EndGlobalSection
	GlobalSection(ProjectConfigurationPlatforms) = postSolution
		{E6D0A89A-9E42-4138-A8B0-5A2A67A85A86}.Debug|Any CPU.ActiveCfg = Debug|Any CPU
		{E6D0A89A-9E42-4138-A8B0-5A2A67A85A86}.Debug|Any CPU.Build.0 = Debug|Any CPU
		{E6D0A89A-9E42-4138-A8B0-5A2A67A85A86}.Release|Any CPU.ActiveCfg = Release|Any CPU
		{E6D0A89A-9E42-4138-A8B0-5A2A67A85A86}.Release|Any CPU.Build.0 = Release|Any CPU
	EndGlobalSection
	GlobalSection(SolutionProperties) = preSolution
		HideSolutionNode = FALSE
	EndGlobalSection
	GlobalSection(ExtensibilityGlobals) = postSolution
		SolutionGuid = {A1E07983-793C-4A49-892F-90B887FC1B59}
	EndGlobalSection
EndGlobal
